{
  "name": "@bitfinex/bfx-facs-api",
  "version": "0.0.1",
  "lockfileVersion": 2,
  "requires": true,
  "packages": {
    "": {
      "name": "@bitfinex/bfx-facs-api",
      "version": "0.0.1",
      "license": "Apache-2.0",
      "dependencies": {
        "@bitfinex/bfx-facs-base": "git+https://github.com/bitfinexcom/bfx-facs-base.git"
      }
    },
    "node_modules/@bitfinex/bfx-facs-base": {
      "version": "1.0.0",
      "resolved": "git+ssh://git@github.com/bitfinexcom/bfx-facs-base.git#c42f4dfeab9c759a9c7ec7177ab7af6b53279e94",
      "license": "Apache-2.0",
      "dependencies": {
        "async": "^3.2.1",
        "lodash": "^4.17.21"
      },
      "engines": {
        "node": ">=16.0"
      }
    },
    "node_modules/async": {
      "version": "3.2.6",
      "resolved": "https://registry.npmjs.org/async/-/async-3.2.6.tgz",
      "integrity": "sha512-htCUDlxyyCLMgaM3xXg0C0LW2xqfuQ6p05pCEIsXuyQ+a1koYKTuBMzRNwmybfLgvJDMd0r1LTn4+E0Ti6C2AA=="
    },
    "node_modules/lodash": {
      "version": "4.17.23",
      "resolved": "https://registry.npmjs.org/lodash/-/lodash-4.17.23.tgz",
      "integrity": "sha512-LgVTMpQtIopCi79SJeDiP0TfWi5CNEc/L/aRdTh3yIvmZXTnheWpKjSZhnvMl8iXbC1tFg9gdHHDMLoV7CnG+w=="
    }
  },
  "dependencies": {
    "@bitfinex/bfx-facs-base": {
      "version": "git+ssh://git@github.com/bitfinexcom/bfx-facs-base.git#c42f4dfeab9c759a9c7ec7177ab7af6b53279e94",
      "from": "@bitfinex/bfx-facs-base@git+https://github.com/bitfinexcom/bfx-facs-base.git",
      "requires": {
        "async": "^3.2.1",
        "lodash": "^4.17.21"
      }
    },
    "async": {
      "version": "3.2.6",
      "resolved": "https://registry.npmjs.org/async/-/async-3.2.6.tgz",
      "integrity": "sha512-htCUDlxyyCLMgaM3xXg0C0LW2xqfuQ6p05pCEIsXuyQ+a1koYKTuBMzRNwmybfLgvJDMd0r1LTn4+E0Ti6C2AA=="
    },
    "lodash": {
      "version": "4.17.23",
      "resolved": "https://registry.npmjs.org/lodash/-/lodash-4.17.23.tgz",
      "integrity": "sha512-LgVTMpQtIopCi79SJeDiP0TfWi5CNEc/L/aRdTh3yIvmZXTnheWpKjSZhnvMl8iXbC1tFg9gdHHDMLoV7CnG+w=="
    }
  }
}
